
Microsoft Visual Studio Solution File, Format Version 12.00
# Visual Studio Version 17
VisualStudioVersion = 17.4.33122.133
MinimumVisualStudioVersion = 10.0.40219.1
Project("{9A19103F-16F7-4668-BE54-9A1E7A4F7556}") = "Seminar2.FraneGregov", "Seminar2.MilanJurjevic\Seminar2.FraneGregov.csproj", "{367FB629-0DD5-4529-BDCE-C0906D8A6072}"
EndProject
Global
	GlobalSection(SolutionConfigurationPlatforms) = preSolution
		Debug|Any CPU = Debug|Any CPU
		Release|Any CPU = Release|Any CPU
	EndGlobalSection
	GlobalSection(ProjectConfigurationPlatforms) = postSolution
		{367FB629-0DD5-4529-BDCE-C0906D8A6072}.Debug|Any CPU.ActiveCfg = Debug|Any CPU
		{367FB629-0DD5-4529-BDCE-C0906D8A6072}.Debug|Any CPU.Build.0 = Debug|Any CPU
		{367FB629-0DD5-4529-BDCE-C0906D8A6072}.Release|Any CPU.ActiveCfg = Release|Any CPU
		{367FB629-0DD5-4529-BDCE-C0906D8A6072}.Release|Any CPU.Build.0 = Release|Any CPU
	EndGlobalSection
	GlobalSection(SolutionProperties) = preSolution
		HideSolutionNode = FALSE
	EndGlobalSection
	GlobalSection(ExtensibilityGlobals) = postSolution
		SolutionGuid = {00943DD9-BF2F-4896-A85B-16BA8858906E}
	EndGlobalSection
EndGlobal
